<?xml version="1.0" encoding="utf-8"?>
<Project ToolsVersion="4.0" xmlns="http://schemas.microsoft.com/developer/msbuild/2003">
  <ItemGroup>
    <Filter Include="Source Files">
      <UniqueIdentifier>{4FC737F1-C7A5-4376-A066-2A32D752A2FF}</UniqueIdentifier>
      <Extensions>cpp;c;cc;cxx;c++;cppm;ixx;def;odl;idl;hpj;bat;asm;asmx</Extensions>
    </Filter>
    <Filter Include="Header Files">
      <UniqueIdentifier>{93995380-89BD-4b04-88EB-625FBE52EBFB}</UniqueIdentifier>
      <Extensions>h;hh;hpp;hxx;h++;hm;inl;inc;ipp;xsd</Extensions>
    </Filter>
    <Filter Include="Resource Files">
      <UniqueIdentifier>{67DA6AB6-F800-4c08-8B7A-83BB121AAD01}</UniqueIdentifier>
      <Extensions>rc;ico;cur;bmp;dlg;rc2;rct;bin;rgs;gif;jpg;jpeg;jpe;resx;tiff;tif;png;wav;mfcribbon-ms</Extensions>
    </Filter>
    <Filter Include="Shapes">
      <UniqueIdentifier>{cee8c932-a0e6-499e-85d8-b3a1cd1e2158}</UniqueIdentifier>
    </Filter>
  </ItemGroup>
  <ItemGroup>
    <ClCompile Include="main.cpp">
      <Filter>Source Files</Filter>
    </ClCompile>
    <ClCompile Include="headers\Tree.cpp">
      <Filter>Source Files</Filter>
    </ClCompile>
    <ClCompile Include="headers\PhysicalObj.cpp">
      <Filter>Source Files</Filter>
    </ClCompile>
    <ClCompile Include="headers\QuaternionR.cpp">
      <Filter>Source Files</Filter>
    </ClCompile>
    <ClCompile Include="headers\NoiseMap.cpp">
      <Filter>Source Files</Filter>
    </ClCompile>
    <ClCompile Include="headers\SphereColBox.cpp">
      <Filter>Source Files</Filter>
    </ClCompile>
    <ClCompile Include="headers\Marble.cpp">
      <Filter>Source Files</Filter>
    </ClCompile>
    <ClCompile Include="headers\Terrain.cpp">
      <Filter>Source Files</Filter>
    </ClCompile>
  </ItemGroup>
  <ItemGroup>
    <ClInclude Include="headers\Tree.h">
      <Filter>Header Files</Filter>
    </ClInclude>
    <ClInclude Include="headers\PhysicalObj.h">
      <Filter>Header Files</Filter>
    </ClInclude>
    <ClInclude Include="headers\QuaternionR.h">
      <Filter>Header Files</Filter>
    </ClInclude>
    <ClInclude Include="headers\NoiseMap.h">
      <Filter>Header Files</Filter>
    </ClInclude>
    <ClInclude Include="headers\SphereColBox.h">
      <Filter>Header Files</Filter>
    </ClInclude>
    <ClInclude Include="headers\Marble.h">
      <Filter>Header Files</Filter>
    </ClInclude>
    <ClInclude Include="headers\Terrain.h">
      <Filter>Header Files</Filter>
    </ClInclude>
  </ItemGroup>
  <ItemGroup>
    <None Include="shaders\lighting.vert" />
    <None Include="shaders\lighting.frag" />
    <None Include="..\..\..\..\..\Downloads\anime-girl-casual-outfit-stylized-3d-character.zip" />
  </ItemGroup>
  <ItemGroup>
    <Image Include="textures\501900de698c47670536071a511ef8f9.jpg">
      <Filter>Resource Files</Filter>
    </Image>
    <Image Include="textures\dora2.jpg">
      <Filter>Resource Files</Filter>
    </Image>
    <Image Include="textures\SlimeGame.png">
      <Filter>Resource Files</Filter>
    </Image>
  </ItemGroup>
</Project>